
Microsoft Visual Studio Solution File, Format Version 12.00
# Visual Studio Version 17
VisualStudioVersion = 17.4.33205.214
MinimumVisualStudioVersion = 10.0.40219.1
Project("{FAE04EC0-301F-11D3-BF4B-00C04F79EFBC}") = "Net7.AzureKeyVault", "Net7.AzureKeyVault\Net7.AzureKeyVault.csproj", "{D28F024A-82D9-49DF-9102-ED9969A6A62B}"
EndProject
Global
	GlobalSection(SolutionConfigurationPlatforms) = preSolution
		Debug|Any CPU = Debug|Any CPU
		Release|Any CPU = Release|Any CPU
	EndGlobalSection
	GlobalSection(ProjectConfigurationPlatforms) = postSolution
		{D28F024A-82D9-49DF-9102-ED9969A6A62B}.Debug|Any CPU.ActiveCfg = Debug|Any CPU
		{D28F024A-82D9-49DF-9102-ED9969A6A62B}.Debug|Any CPU.Build.0 = Debug|Any CPU
		{D28F024A-82D9-49DF-9102-ED9969A6A62B}.Release|Any CPU.ActiveCfg = Release|Any CPU
		{D28F024A-82D9-49DF-9102-ED9969A6A62B}.Release|Any CPU.Build.0 = Release|Any CPU
	EndGlobalSection
	GlobalSection(SolutionProperties) = preSolution
		HideSolutionNode = FALSE
	EndGlobalSection
	GlobalSection(ExtensibilityGlobals) = postSolution
		SolutionGuid = {7BADFB95-12D9-4556-817F-167D4A212375}
	EndGlobalSection
EndGlobal
